
Microsoft Visual Studio Solution File, Format Version 12.00
# Visual Studio Version 16
VisualStudioVersion = 16.0.28803.452
MinimumVisualStudioVersion = 10.0.40219.1
Project("{FAE04EC0-301F-11D3-BF4B-00C04F79EFBC}") = "TeaBagMaker", "TeaBagMaker\TeaBagMaker.csproj", "{2112BBC1-6655-44CA-A41D-236CB9837AD1}"
EndProject
Global
	GlobalSection(SolutionConfigurationPlatforms) = preSolution
		Debug|Any CPU = Debug|Any CPU
		Release|Any CPU = Release|Any CPU
	EndGlobalSection
	GlobalSection(ProjectConfigurationPlatforms) = postSolution
		{2112BBC1-6655-44CA-A41D-236CB9837AD1}.Debug|Any CPU.ActiveCfg = Debug|Any CPU
		{2112BBC1-6655-44CA-A41D-236CB9837AD1}.Debug|Any CPU.Build.0 = Debug|Any CPU
		{2112BBC1-6655-44CA-A41D-236CB9837AD1}.Release|Any CPU.ActiveCfg = Release|Any CPU
		{2112BBC1-6655-44CA-A41D-236CB9837AD1}.Release|Any CPU.Build.0 = Release|Any CPU
	EndGlobalSection
	GlobalSection(SolutionProperties) = preSolution
		HideSolutionNode = FALSE
	EndGlobalSection
	GlobalSection(ExtensibilityGlobals) = postSolution
		SolutionGuid = {4FF09DEE-467E-4B73-A818-18225F95E693}
	EndGlobalSection
EndGlobal
